
Microsoft Visual Studio Solution File, Format Version 12.00
# Visual Studio Version 16
VisualStudioVersion = 16.0.29926.136
MinimumVisualStudioVersion = 10.0.40219.1
Project("{FAE04EC0-301F-11D3-BF4B-00C04F79EFBC}") = "patterns1", "ConsoleApp1\patterns1.csproj", "{2CB9E4F4-F06D-4D96-BF91-E9D3D8876E75}"
EndProject
Global
	GlobalSection(SolutionConfigurationPlatforms) = preSolution
		Debug|Any CPU = Debug|Any CPU
		Release|Any CPU = Release|Any CPU
	EndGlobalSection
	GlobalSection(ProjectConfigurationPlatforms) = postSolution
		{2CB9E4F4-F06D-4D96-BF91-E9D3D8876E75}.Debug|Any CPU.ActiveCfg = Debug|Any CPU
		{2CB9E4F4-F06D-4D96-BF91-E9D3D8876E75}.Debug|Any CPU.Build.0 = Debug|Any CPU
		{2CB9E4F4-F06D-4D96-BF91-E9D3D8876E75}.Release|Any CPU.ActiveCfg = Release|Any CPU
		{2CB9E4F4-F06D-4D96-BF91-E9D3D8876E75}.Release|Any CPU.Build.0 = Release|Any CPU
	EndGlobalSection
	GlobalSection(SolutionProperties) = preSolution
		HideSolutionNode = FALSE
	EndGlobalSection
	GlobalSection(ExtensibilityGlobals) = postSolution
		SolutionGuid = {C6173809-D126-48BC-8113-6443AEBA686F}
	EndGlobalSection
EndGlobal
